
Microsoft Visual Studio Solution File, Format Version 12.00
# Visual Studio Version 16
VisualStudioVersion = 16.0.31624.102
MinimumVisualStudioVersion = 10.0.40219.1
Project("{FAE04EC0-301F-11D3-BF4B-00C04F79EFBC}") = "ConsoleApp058", "ConsoleApp058\ConsoleApp058.csproj", "{B8FD2C25-9154-41D5-9FA5-747A44740EC3}"
EndProject
Global
	GlobalSection(SolutionConfigurationPlatforms) = preSolution
		Debug|Any CPU = Debug|Any CPU
		Release|Any CPU = Release|Any CPU
	EndGlobalSection
	GlobalSection(ProjectConfigurationPlatforms) = postSolution
		{B8FD2C25-9154-41D5-9FA5-747A44740EC3}.Debug|Any CPU.ActiveCfg = Debug|Any CPU
		{B8FD2C25-9154-41D5-9FA5-747A44740EC3}.Debug|Any CPU.Build.0 = Debug|Any CPU
		{B8FD2C25-9154-41D5-9FA5-747A44740EC3}.Release|Any CPU.ActiveCfg = Release|Any CPU
		{B8FD2C25-9154-41D5-9FA5-747A44740EC3}.Release|Any CPU.Build.0 = Release|Any CPU
	EndGlobalSection
	GlobalSection(SolutionProperties) = preSolution
		HideSolutionNode = FALSE
	EndGlobalSection
	GlobalSection(ExtensibilityGlobals) = postSolution
		SolutionGuid = {9BD0C1AD-6EDE-4D93-B193-31B5B442F446}
	EndGlobalSection
EndGlobal
